
Microsoft Visual Studio Solution File, Format Version 12.00
# Visual Studio Version 16
VisualStudioVersion = 16.0.32126.315
MinimumVisualStudioVersion = 10.0.40219.1
Project("{FAE04EC0-301F-11D3-BF4B-00C04F79EFBC}") = "Zad1_30May", "Zad1_30May\Zad1_30May.csproj", "{AA8DF884-B996-4AEF-BAF5-4797D6F61DE3}"
EndProject
Project("{FAE04EC0-301F-11D3-BF4B-00C04F79EFBC}") = "Zad1_1Jun", "Zad1_1Jun\Zad1_1Jun.csproj", "{095BEC12-F7BE-43A2-8230-BD6BDEAE7179}"
EndProject
Global
	GlobalSection(SolutionConfigurationPlatforms) = preSolution
		Debug|Any CPU = Debug|Any CPU
		Release|Any CPU = Release|Any CPU
	EndGlobalSection
	GlobalSection(ProjectConfigurationPlatforms) = postSolution
		{AA8DF884-B996-4AEF-BAF5-4797D6F61DE3}.Debug|Any CPU.ActiveCfg = Debug|Any CPU
		{AA8DF884-B996-4AEF-BAF5-4797D6F61DE3}.Debug|Any CPU.Build.0 = Debug|Any CPU
		{AA8DF884-B996-4AEF-BAF5-4797D6F61DE3}.Release|Any CPU.ActiveCfg = Release|Any CPU
		{AA8DF884-B996-4AEF-BAF5-4797D6F61DE3}.Release|Any CPU.Build.0 = Release|Any CPU
		{095BEC12-F7BE-43A2-8230-BD6BDEAE7179}.Debug|Any CPU.ActiveCfg = Debug|Any CPU
		{095BEC12-F7BE-43A2-8230-BD6BDEAE7179}.Debug|Any CPU.Build.0 = Debug|Any CPU
		{095BEC12-F7BE-43A2-8230-BD6BDEAE7179}.Release|Any CPU.ActiveCfg = Release|Any CPU
		{095BEC12-F7BE-43A2-8230-BD6BDEAE7179}.Release|Any CPU.Build.0 = Release|Any CPU
	EndGlobalSection
	GlobalSection(SolutionProperties) = preSolution
		HideSolutionNode = FALSE
	EndGlobalSection
	GlobalSection(ExtensibilityGlobals) = postSolution
		SolutionGuid = {4FAA44C2-3F55-4D28-83EC-7D19C84FB269}
	EndGlobalSection
EndGlobal
